
Microsoft Visual Studio Solution File, Format Version 12.00
# Visual Studio 15
VisualStudioVersion = 15.0.27004.2009
MinimumVisualStudioVersion = 10.0.40219.1
Project("{E53339B2-1760-4266-BCC7-CA923CBCF16C}") = "docker-compose", "docker-compose.dcproj", "{2BA50136-ED4C-4185-A705-3896995DCB62}"
EndProject
Project("{9A19103F-16F7-4668-BE54-9A1E7A4F7556}") = "Komrs.User", "Komrs.User\Komrs.User.csproj", "{624441FC-864C-4992-B836-92B208874BC1}"
EndProject
Project("{2150E333-8FDC-42A3-9474-1A3956D46DE8}") = "BuildingBlocks", "BuildingBlocks", "{D025B111-002E-44E7-8398-774FE7FE4EA4}"
EndProject
Project("{9A19103F-16F7-4668-BE54-9A1E7A4F7556}") = "Komrs.User.Test", "Komrs.User.Test\Komrs.User.Test.csproj", "{9BCEC94B-4170-4C0C-9BE3-C1FFFC57BFC8}"
EndProject
Project("{9A19103F-16F7-4668-BE54-9A1E7A4F7556}") = "Komrs.User.API", "Komrs.User.Api\Komrs.User.API.csproj", "{DF5C79CA-2EE3-4C0F-887F-48A3664749A1}"
EndProject
Project("{9A19103F-16F7-4668-BE54-9A1E7A4F7556}") = "Validator", "Validator\Validator.csproj", "{AEAF4DCE-6705-4984-A509-9A8F4381C5BD}"
EndProject
Project("{9A19103F-16F7-4668-BE54-9A1E7A4F7556}") = "EventBus", "EventBus\EventBus.csproj", "{39019293-594A-4602-9180-9A0E8A126304}"
EndProject
Project("{9A19103F-16F7-4668-BE54-9A1E7A4F7556}") = "EventBus.RabbitMQ", "EventBus.RabbitMQ\EventBus.RabbitMQ.csproj", "{DB04074A-017B-4395-8AC1-63B301BFD5B0}"
EndProject
Project("{9A19103F-16F7-4668-BE54-9A1E7A4F7556}") = "EventBus.RabbitMQ.Test", "EventBus.RabbitMQ.Test\EventBus.RabbitMQ.Test.csproj", "{9FD6DB9F-516A-4CF7-93A7-E9B36C235A36}"
EndProject
Project("{2150E333-8FDC-42A3-9474-1A3956D46DE8}") = "Config", "Config", "{3E34D292-678B-4D4D-AA74-97432A62C106}"
	ProjectSection(SolutionItems) = preProject
		.gitignore = .gitignore
	EndProjectSection
EndProject
Project("{9A19103F-16F7-4668-BE54-9A1E7A4F7556}") = "Komrs.Product.API", "Komrs.Product.API\Komrs.Product.API.csproj", "{17DA37BB-4B0E-4601-AB45-613EE3BC285B}"
EndProject
Project("{9A19103F-16F7-4668-BE54-9A1E7A4F7556}") = "Komrs.Product", "Komrs.Product\Komrs.Product.csproj", "{444B569C-25D8-44A8-BADB-0C24CC43AB1A}"
EndProject
Project("{9A19103F-16F7-4668-BE54-9A1E7A4F7556}") = "Komrs.Product.Test", "Komrs.Product.Test\Komrs.Product.Test.csproj", "{4B337A00-10B0-438A-ADE9-3C0811D632F0}"
EndProject
Project("{2150E333-8FDC-42A3-9474-1A3956D46DE8}") = "User", "User", "{4493FAAF-C89E-49C6-8527-D48AC1478EF6}"
EndProject
Project("{2150E333-8FDC-42A3-9474-1A3956D46DE8}") = "Product", "Product", "{E0AA9F92-C9CA-4890-9C80-43C3B8106558}"
EndProject
Project("{9A19103F-16F7-4668-BE54-9A1E7A4F7556}") = "Komrs.Product.Application", "Komrs.Product.Application\Komrs.Product.Application.csproj", "{579EE11B-25BE-4460-9823-FC8FDE44B3B4}"
EndProject
Project("{00D1A9C2-B5F0-4AF3-8072-F6C62B433612}") = "Komrs.Product.Database", "Komrs.Product.Database\Komrs.Product.Database.sqlproj", "{56720D09-3D58-4D8F-B6FC-22A882E734E3}"
EndProject
Project("{9A19103F-16F7-4668-BE54-9A1E7A4F7556}") = "Komrs.Product.Infrastructure", "Komrs.Product.Infrastructure\Komrs.Product.Infrastructure.csproj", "{DBC94ED5-EE74-41BF-BAFE-A0CCD45F97BC}"
EndProject
Project("{9A19103F-16F7-4668-BE54-9A1E7A4F7556}") = "Database", "Database\Database.csproj", "{F43A9808-28F6-4B34-B985-2190A061AD72}"
EndProject
Project("{9A19103F-16F7-4668-BE54-9A1E7A4F7556}") = "Database.Test", "Database.Test\Database.Test.csproj", "{995C17C3-535C-4054-BC44-9DE9C7AA76AC}"
EndProject
Project("{FAE04EC0-301F-11D3-BF4B-00C04F79EFBC}") = "Storage", "Storage\Storage.csproj", "{550688F9-CD95-42E2-AD5D-83E2793A857F}"
EndProject
Project("{FAE04EC0-301F-11D3-BF4B-00C04F79EFBC}") = "Storage.Azure", "Storage.Azure\Storage.Azure.csproj", "{7BB0C1AB-9163-4956-9160-01C64D32F0FC}"
EndProject
Project("{FAE04EC0-301F-11D3-BF4B-00C04F79EFBC}") = "Storage.Azure.Test", "Storage.Azure.Test\Storage.Azure.Test.csproj", "{6B073BD3-FDE9-4C16-B643-CEAF4AE07EBB}"
EndProject
Global
	GlobalSection(SolutionConfigurationPlatforms) = preSolution
		Debug|Any CPU = Debug|Any CPU
		Release|Any CPU = Release|Any CPU
	EndGlobalSection
	GlobalSection(ProjectConfigurationPlatforms) = postSolution
		{2BA50136-ED4C-4185-A705-3896995DCB62}.Debug|Any CPU.ActiveCfg = Debug|Any CPU
		{2BA50136-ED4C-4185-A705-3896995DCB62}.Debug|Any CPU.Build.0 = Debug|Any CPU
		{2BA50136-ED4C-4185-A705-3896995DCB62}.Release|Any CPU.ActiveCfg = Release|Any CPU
		{2BA50136-ED4C-4185-A705-3896995DCB62}.Release|Any CPU.Build.0 = Release|Any CPU
		{624441FC-864C-4992-B836-92B208874BC1}.Debug|Any CPU.ActiveCfg = Debug|Any CPU
		{624441FC-864C-4992-B836-92B208874BC1}.Debug|Any CPU.Build.0 = Debug|Any CPU
		{624441FC-864C-4992-B836-92B208874BC1}.Release|Any CPU.ActiveCfg = Release|Any CPU
		{624441FC-864C-4992-B836-92B208874BC1}.Release|Any CPU.Build.0 = Release|Any CPU
		{9BCEC94B-4170-4C0C-9BE3-C1FFFC57BFC8}.Debug|Any CPU.ActiveCfg = Debug|Any CPU
		{9BCEC94B-4170-4C0C-9BE3-C1FFFC57BFC8}.Debug|Any CPU.Build.0 = Debug|Any CPU
		{9BCEC94B-4170-4C0C-9BE3-C1FFFC57BFC8}.Release|Any CPU.ActiveCfg = Release|Any CPU
		{9BCEC94B-4170-4C0C-9BE3-C1FFFC57BFC8}.Release|Any CPU.Build.0 = Release|Any CPU
		{DF5C79CA-2EE3-4C0F-887F-48A3664749A1}.Debug|Any CPU.ActiveCfg = Debug|Any CPU
		{DF5C79CA-2EE3-4C0F-887F-48A3664749A1}.Debug|Any CPU.Build.0 = Debug|Any CPU
		{DF5C79CA-2EE3-4C0F-887F-48A3664749A1}.Release|Any CPU.ActiveCfg = Release|Any CPU
		{DF5C79CA-2EE3-4C0F-887F-48A3664749A1}.Release|Any CPU.Build.0 = Release|Any CPU
		{AEAF4DCE-6705-4984-A509-9A8F4381C5BD}.Debug|Any CPU.ActiveCfg = Debug|Any CPU
		{AEAF4DCE-6705-4984-A509-9A8F4381C5BD}.Debug|Any CPU.Build.0 = Debug|Any CPU
		{AEAF4DCE-6705-4984-A509-9A8F4381C5BD}.Release|Any CPU.ActiveCfg = Release|Any CPU
		{AEAF4DCE-6705-4984-A509-9A8F4381C5BD}.Release|Any CPU.Build.0 = Release|Any CPU
		{39019293-594A-4602-9180-9A0E8A126304}.Debug|Any CPU.ActiveCfg = Debug|Any CPU
		{39019293-594A-4602-9180-9A0E8A126304}.Debug|Any CPU.Build.0 = Debug|Any CPU
		{39019293-594A-4602-9180-9A0E8A126304}.Release|Any CPU.ActiveCfg = Release|Any CPU
		{39019293-594A-4602-9180-9A0E8A126304}.Release|Any CPU.Build.0 = Release|Any CPU
		{DB04074A-017B-4395-8AC1-63B301BFD5B0}.Debug|Any CPU.ActiveCfg = Debug|Any CPU
		{DB04074A-017B-4395-8AC1-63B301BFD5B0}.Debug|Any CPU.Build.0 = Debug|Any CPU
		{DB04074A-017B-4395-8AC1-63B301BFD5B0}.Release|Any CPU.ActiveCfg = Release|Any CPU
		{DB04074A-017B-4395-8AC1-63B301BFD5B0}.Release|Any CPU.Build.0 = Release|Any CPU
		{9FD6DB9F-516A-4CF7-93A7-E9B36C235A36}.Debug|Any CPU.ActiveCfg = Debug|Any CPU
		{9FD6DB9F-516A-4CF7-93A7-E9B36C235A36}.Debug|Any CPU.Build.0 = Debug|Any CPU
		{9FD6DB9F-516A-4CF7-93A7-E9B36C235A36}.Release|Any CPU.ActiveCfg = Release|Any CPU
		{9FD6DB9F-516A-4CF7-93A7-E9B36C235A36}.Release|Any CPU.Build.0 = Release|Any CPU
		{17DA37BB-4B0E-4601-AB45-613EE3BC285B}.Debug|Any CPU.ActiveCfg = Debug|Any CPU
		{17DA37BB-4B0E-4601-AB45-613EE3BC285B}.Debug|Any CPU.Build.0 = Debug|Any CPU
		{17DA37BB-4B0E-4601-AB45-613EE3BC285B}.Release|Any CPU.ActiveCfg = Release|Any CPU
		{17DA37BB-4B0E-4601-AB45-613EE3BC285B}.Release|Any CPU.Build.0 = Release|Any CPU
		{444B569C-25D8-44A8-BADB-0C24CC43AB1A}.Debug|Any CPU.ActiveCfg = Debug|Any CPU
		{444B569C-25D8-44A8-BADB-0C24CC43AB1A}.Debug|Any CPU.Build.0 = Debug|Any CPU
		{444B569C-25D8-44A8-BADB-0C24CC43AB1A}.Release|Any CPU.ActiveCfg = Release|Any CPU
		{444B569C-25D8-44A8-BADB-0C24CC43AB1A}.Release|Any CPU.Build.0 = Release|Any CPU
		{4B337A00-10B0-438A-ADE9-3C0811D632F0}.Debug|Any CPU.ActiveCfg = Debug|Any CPU
		{4B337A00-10B0-438A-ADE9-3C0811D632F0}.Debug|Any CPU.Build.0 = Debug|Any CPU
		{4B337A00-10B0-438A-ADE9-3C0811D632F0}.Release|Any CPU.ActiveCfg = Release|Any CPU
		{4B337A00-10B0-438A-ADE9-3C0811D632F0}.Release|Any CPU.Build.0 = Release|Any CPU
		{579EE11B-25BE-4460-9823-FC8FDE44B3B4}.Debug|Any CPU.ActiveCfg = Debug|Any CPU
		{579EE11B-25BE-4460-9823-FC8FDE44B3B4}.Debug|Any CPU.Build.0 = Debug|Any CPU
		{579EE11B-25BE-4460-9823-FC8FDE44B3B4}.Release|Any CPU.ActiveCfg = Release|Any CPU
		{579EE11B-25BE-4460-9823-FC8FDE44B3B4}.Release|Any CPU.Build.0 = Release|Any CPU
		{56720D09-3D58-4D8F-B6FC-22A882E734E3}.Debug|Any CPU.ActiveCfg = Debug|Any CPU
		{56720D09-3D58-4D8F-B6FC-22A882E734E3}.Debug|Any CPU.Build.0 = Debug|Any CPU
		{56720D09-3D58-4D8F-B6FC-22A882E734E3}.Debug|Any CPU.Deploy.0 = Debug|Any CPU
		{56720D09-3D58-4D8F-B6FC-22A882E734E3}.Release|Any CPU.ActiveCfg = Release|Any CPU
		{56720D09-3D58-4D8F-B6FC-22A882E734E3}.Release|Any CPU.Build.0 = Release|Any CPU
		{56720D09-3D58-4D8F-B6FC-22A882E734E3}.Release|Any CPU.Deploy.0 = Release|Any CPU
		{DBC94ED5-EE74-41BF-BAFE-A0CCD45F97BC}.Debug|Any CPU.ActiveCfg = Debug|Any CPU
		{DBC94ED5-EE74-41BF-BAFE-A0CCD45F97BC}.Debug|Any CPU.Build.0 = Debug|Any CPU
		{DBC94ED5-EE74-41BF-BAFE-A0CCD45F97BC}.Release|Any CPU.ActiveCfg = Release|Any CPU
		{DBC94ED5-EE74-41BF-BAFE-A0CCD45F97BC}.Release|Any CPU.Build.0 = Release|Any CPU
		{F43A9808-28F6-4B34-B985-2190A061AD72}.Debug|Any CPU.ActiveCfg = Debug|Any CPU
		{F43A9808-28F6-4B34-B985-2190A061AD72}.Debug|Any CPU.Build.0 = Debug|Any CPU
		{F43A9808-28F6-4B34-B985-2190A061AD72}.Release|Any CPU.ActiveCfg = Release|Any CPU
		{F43A9808-28F6-4B34-B985-2190A061AD72}.Release|Any CPU.Build.0 = Release|Any CPU
		{995C17C3-535C-4054-BC44-9DE9C7AA76AC}.Debug|Any CPU.ActiveCfg = Debug|Any CPU
		{995C17C3-535C-4054-BC44-9DE9C7AA76AC}.Debug|Any CPU.Build.0 = Debug|Any CPU
		{995C17C3-535C-4054-BC44-9DE9C7AA76AC}.Release|Any CPU.ActiveCfg = Release|Any CPU
		{995C17C3-535C-4054-BC44-9DE9C7AA76AC}.Release|Any CPU.Build.0 = Release|Any CPU
		{550688F9-CD95-42E2-AD5D-83E2793A857F}.Debug|Any CPU.ActiveCfg = Debug|Any CPU
		{550688F9-CD95-42E2-AD5D-83E2793A857F}.Debug|Any CPU.Build.0 = Debug|Any CPU
		{550688F9-CD95-42E2-AD5D-83E2793A857F}.Release|Any CPU.ActiveCfg = Release|Any CPU
		{550688F9-CD95-42E2-AD5D-83E2793A857F}.Release|Any CPU.Build.0 = Release|Any CPU
		{7BB0C1AB-9163-4956-9160-01C64D32F0FC}.Debug|Any CPU.ActiveCfg = Debug|Any CPU
		{7BB0C1AB-9163-4956-9160-01C64D32F0FC}.Debug|Any CPU.Build.0 = Debug|Any CPU
		{7BB0C1AB-9163-4956-9160-01C64D32F0FC}.Release|Any CPU.ActiveCfg = Release|Any CPU
		{7BB0C1AB-9163-4956-9160-01C64D32F0FC}.Release|Any CPU.Build.0 = Release|Any CPU
		{6B073BD3-FDE9-4C16-B643-CEAF4AE07EBB}.Debug|Any CPU.ActiveCfg = Debug|Any CPU
		{6B073BD3-FDE9-4C16-B643-CEAF4AE07EBB}.Debug|Any CPU.Build.0 = Debug|Any CPU
		{6B073BD3-FDE9-4C16-B643-CEAF4AE07EBB}.Release|Any CPU.ActiveCfg = Release|Any CPU
		{6B073BD3-FDE9-4C16-B643-CEAF4AE07EBB}.Release|Any CPU.Build.0 = Release|Any CPU
	EndGlobalSection
	GlobalSection(SolutionProperties) = preSolution
		HideSolutionNode = FALSE
	EndGlobalSection
	GlobalSection(NestedProjects) = preSolution
		{624441FC-864C-4992-B836-92B208874BC1} = {4493FAAF-C89E-49C6-8527-D48AC1478EF6}
		{9BCEC94B-4170-4C0C-9BE3-C1FFFC57BFC8} = {4493FAAF-C89E-49C6-8527-D48AC1478EF6}
		{DF5C79CA-2EE3-4C0F-887F-48A3664749A1} = {4493FAAF-C89E-49C6-8527-D48AC1478EF6}
		{AEAF4DCE-6705-4984-A509-9A8F4381C5BD} = {D025B111-002E-44E7-8398-774FE7FE4EA4}
		{39019293-594A-4602-9180-9A0E8A126304} = {D025B111-002E-44E7-8398-774FE7FE4EA4}
		{DB04074A-017B-4395-8AC1-63B301BFD5B0} = {D025B111-002E-44E7-8398-774FE7FE4EA4}
		{9FD6DB9F-516A-4CF7-93A7-E9B36C235A36} = {D025B111-002E-44E7-8398-774FE7FE4EA4}
		{17DA37BB-4B0E-4601-AB45-613EE3BC285B} = {E0AA9F92-C9CA-4890-9C80-43C3B8106558}
		{444B569C-25D8-44A8-BADB-0C24CC43AB1A} = {E0AA9F92-C9CA-4890-9C80-43C3B8106558}
		{4B337A00-10B0-438A-ADE9-3C0811D632F0} = {E0AA9F92-C9CA-4890-9C80-43C3B8106558}
		{579EE11B-25BE-4460-9823-FC8FDE44B3B4} = {E0AA9F92-C9CA-4890-9C80-43C3B8106558}
		{56720D09-3D58-4D8F-B6FC-22A882E734E3} = {E0AA9F92-C9CA-4890-9C80-43C3B8106558}
		{DBC94ED5-EE74-41BF-BAFE-A0CCD45F97BC} = {E0AA9F92-C9CA-4890-9C80-43C3B8106558}
		{F43A9808-28F6-4B34-B985-2190A061AD72} = {D025B111-002E-44E7-8398-774FE7FE4EA4}
		{995C17C3-535C-4054-BC44-9DE9C7AA76AC} = {D025B111-002E-44E7-8398-774FE7FE4EA4}
		{550688F9-CD95-42E2-AD5D-83E2793A857F} = {D025B111-002E-44E7-8398-774FE7FE4EA4}
		{7BB0C1AB-9163-4956-9160-01C64D32F0FC} = {D025B111-002E-44E7-8398-774FE7FE4EA4}
		{6B073BD3-FDE9-4C16-B643-CEAF4AE07EBB} = {D025B111-002E-44E7-8398-774FE7FE4EA4}
	EndGlobalSection
	GlobalSection(ExtensibilityGlobals) = postSolution
		SolutionGuid = {144A394A-932A-4F41-AACE-6DC42C218A3D}
	EndGlobalSection
EndGlobal
